// !$*UTF8*$!
{
	archiveVersion = 1;
	classes = {
	};
	objectVersion = 46;
	objects = {

/* Begin PBXBuildFile section */
		92CA591519A34E6D00D91CC9 /* main.m in Sources */ = {isa = PBXBuildFile; fileRef = 92CA591419A34E6D00D91CC9 /* main.m */; };
		92CA591819A34E6D00D91CC9 /* AppDelegate.m in Sources */ = {isa = PBXBuildFile; fileRef = 92CA591719A34E6D00D91CC9 /* AppDelegate.m */; };
		92CA591B19A34E6D00D91CC9 /* ViewController.m in Sources */ = {isa = PBXBuildFile; fileRef = 92CA591A19A34E6D00D91CC9 /* ViewController.m */; };
		92CA591E19A34E6D00D91CC9 /* Main.storyboard in Resources */ = {isa = PBXBuildFile; fileRef = 92CA591C19A34E6D00D91CC9 /* Main.storyboard */; };
		92CA592019A34E6D00D91CC9 /* Images.xcassets in Resources */ = {isa = PBXBuildFile; fileRef = 92CA591F19A34E6D00D91CC9 /* Images.xcassets */; };
		92CA592C19A34E6D00D91CC9 /* iOSLabWorkTwoTests.m in Sources */ = {isa = PBXBuildFile; fileRef = 92CA592B19A34E6D00D91CC9 /* iOSLabWorkTwoTests.m */; };
/* End PBXBuildFile section */

/* Begin PBXContainerItemProxy section */
		92CA592619A34E6D00D91CC9 /* PBXContainerItemProxy */ = {
			isa = PBXContainerItemProxy;
			containerPortal = 92CA590719A34E6D00D91CC9 /* Project object */;
			proxyType = 1;
			remoteGlobalIDString = 92CA590E19A34E6D00D91CC9;
			remoteInfo = iOSLabWorkTwo;
		};
/* End PBXContainerItemProxy section */

/* Begin PBXFileReference section */
		92CA590F19A34E6D00D91CC9 /* iOSLabWorkTwo.app */ = {isa = PBXFileReference; explicitFileType = wrapper.application; includeInIndex = 0; path = iOSLabWorkTwo.app; sourceTree = BUILT_PRODUCTS_DIR; };
		92CA591319A34E6D00D91CC9 /* Info.plist */ = {isa = PBXFileReference; lastKnownFileType = text.plist.xml; path = Info.plist; sourceTree = "<group>"; };
		92CA591419A34E6D00D91CC9 /* main.m */ = {isa = PBXFileReference; lastKnownFileType = sourcecode.c.objc; path = main.m; sourceTree = "<group>"; };
		92CA591619A34E6D00D91CC9 /* AppDelegate.h */ = {isa = PBXFileReference; lastKnownFileType = sourcecode.c.h; path = AppDelegate.h; sourceTree = "<group>"; };
		92CA591719A34E6D00D91CC9 /* AppDelegate.m */ = {isa = PBXFileReference; lastKnownFileType = sourcecode.c.objc; path = AppDelegate.m; sourceTree = "<group>"; };
		92CA591919A34E6D00D91CC9 /* ViewController.h */ = {isa = PBXFileReference; lastKnownFileType = sourcecode.c.h; path = ViewController.h; sourceTree = "<group>"; };
		92CA591A19A34E6D00D91CC9 /* ViewController.m */ = {isa = PBXFileReference; lastKnownFileType = sourcecode.c.objc; path = ViewController.m; sourceTree = "<group>"; };
		92CA591D19A34E6D00D91CC9 /* Base */ = {isa = PBXFileReference; lastKnownFileType = file.storyboard; name = Base; path = Base.lproj/Main.storyboard; sourceTree = "<group>"; };
		92CA591F19A34E6D00D91CC9 /* Images.xcassets */ = {isa = PBXFileReference; lastKnownFileType = folder.assetcatalog; path = Images.xcassets; sourceTree = "<group>"; };
		92CA592519A34E6D00D91CC9 /* iOSLabWorkTwoTests.xctest */ = {isa = PBXFileReference; explicitFileType = wrapper.cfbundle; includeInIndex = 0; path = iOSLabWorkTwoTests.xctest; sourceTree = BUILT_PRODUCTS_DIR; };
		92CA592A19A34E6D00D91CC9 /* Info.plist */ = {isa = PBXFileReference; lastKnownFileType = text.plist.xml; path = Info.plist; sourceTree = "<group>"; };
		92CA592B19A34E6D00D91CC9 /* iOSLabWorkTwoTests.m */ = {isa = PBXFileReference; lastKnownFileType = sourcecode.c.objc; path = iOSLabWorkTwoTests.m; sourceTree = "<group>"; };
/* End PBXFileReference section */

/* Begin PBXFrameworksBuildPhase section */
		92CA590C19A34E6D00D91CC9 /* Frameworks */ = {
			isa = PBXFrameworksBuildPhase;
			buildActionMask = 2147483647;
			files = (
			);
			runOnlyForDeploymentPostprocessing = 0;
		};
		92CA592219A34E6D00D91CC9 /* Frameworks */ = {
			isa = PBXFrameworksBuildPhase;
			buildActionMask = 2147483647;
			files = (
			);
			runOnlyForDeploymentPostprocessing = 0;
		};
/* End PBXFrameworksBuildPhase section */

/* Begin PBXGroup section */
		92CA590619A34E6D00D91CC9 = {
			isa = PBXGroup;
			children = (
				92CA591119A34E6D00D91CC9 /* iOSLabWorkTwo */,
				92CA592819A34E6D00D91CC9 /* iOSLabWorkTwoTests */,
				92CA591019A34E6D00D91CC9 /* Products */,
			);
			sourceTree = "<group>";
		};
		92CA591019A34E6D00D91CC9 /* Products */ = {
			isa = PBXGroup;
			children = (
				92CA590F19A34E6D00D91CC9 /* iOSLabWorkTwo.app */,
				92CA592519A34E6D00D91CC9 /* iOSLabWorkTwoTests.xctest */,
			);
			name = Products;
			sourceTree = "<group>";
		};
		92CA591119A34E6D00D91CC9 /* iOSLabWorkTwo */ = {
			isa = PBXGroup;
			children = (
				92CA591619A34E6D00D91CC9 /* AppDelegate.h */,
				92CA591719A34E6D00D91CC9 /* AppDelegate.m */,
				92CA591919A34E6D00D91CC9 /* ViewController.h */,
				92CA591A19A34E6D00D91CC9 /* ViewController.m */,
				92CA591C19A34E6D00D91CC9 /* Main.storyboard */,
				92CA591F19A34E6D00D91CC9 /* Images.xcassets */,
				92CA591219A34E6D00D91CC9 /* Supporting Files */,
			);
			path = iOSLabWorkTwo;
			sourceTree = "<group>";
		};
		92CA591219A34E6D00D91CC9 /* Supporting Files */ = {
			isa = PBXGroup;
			children = (
				92CA591319A34E6D00D91CC9 /* Info.plist */,
				92CA591419A34E6D00D91CC9 /* main.m */,
			);
			name = "Supporting Files";
			sourceTree = "<group>";
		};
		92CA592819A34E6D00D91CC9 /* iOSLabWorkTwoTests */ = {
			isa = PBXGroup;
			children = (
				92CA592B19A34E6D00D91CC9 /* iOSLabWorkTwoTests.m */,
				92CA592919A34E6D00D91CC9 /* Supporting Files */,
			);
			path = iOSLabWorkTwoTests;
			sourceTree = "<group>";
		};
		92CA592919A34E6D00D91CC9 /* Supporting Files */ = {
			isa = PBXGroup;
			children = (
				92CA592A19A34E6D00D91CC9 /* Info.plist */,
			);
			name = "Supporting Files";
			sourceTree = "<group>";
		};
/* End PBXGroup section */

/* Begin PBXNativeTarget section */
		92CA590E19A34E6D00D91CC9 /* iOSLabWorkTwo */ = {
			isa = PBXNativeTarget;
			buildConfigurationList = 92CA592F19A34E6D00D91CC9 /* Build configuration list for PBXNativeTarget "iOSLabWorkTwo" */;
			buildPhases = (
				92CA590B19A34E6D00D91CC9 /* Sources */,
				92CA590C19A34E6D00D91CC9 /* Frameworks */,
				92CA590D19A34E6D00D91CC9 /* Resources */,
			);
			buildRules = (
			);
			dependencies = (
			);
			name = iOSLabWorkTwo;
			productName = iOSLabWorkTwo;
			productReference = 92CA590F19A34E6D00D91CC9 /* iOSLabWorkTwo.app */;
			productType = "com.apple.product-type.application";
		};
		92CA592419A34E6D00D91CC9 /* iOSLabWorkTwoTests */ = {
			isa = PBXNativeTarget;
			buildConfigurationList = 92CA593219A34E6D00D91CC9 /* Build configuration list for PBXNativeTarget "iOSLabWorkTwoTests" */;
			buildPhases = (
				92CA592119A34E6D00D91CC9 /* Sources */,
				92CA592219A34E6D00D91CC9 /* Frameworks */,
				92CA592319A34E6D00D91CC9 /* Resources */,
			);
			buildRules = (
			);
			dependencies = (
				92CA592719A34E6D00D91CC9 /* PBXTargetDependency */,
			);
			name = iOSLabWorkTwoTests;
			productName = iOSLabWorkTwoTests;
			productReference = 92CA592519A34E6D00D91CC9 /* iOSLabWorkTwoTests.xctest */;
			productType = "com.apple.product-type.bundle.unit-test";
		};
/* End PBXNativeTarget section */

/* Begin PBXProject section */
		92CA590719A34E6D00D91CC9 /* Project object */ = {
			isa = PBXProject;
			attributes = {
				LastUpgradeCheck = 0600;
				ORGANIZATIONNAME = "Macbook Air";
				TargetAttributes = {
					92CA590E19A34E6D00D91CC9 = {
						CreatedOnToolsVersion = 6.0;
					};
					92CA592419A34E6D00D91CC9 = {
						CreatedOnToolsVersion = 6.0;
						TestTargetID = 92CA590E19A34E6D00D91CC9;
					};
				};
			};
			buildConfigurationList = 92CA590A19A34E6D00D91CC9 /* Build configuration list for PBXProject "iOSLabWorkTwo" */;
			compatibilityVersion = "Xcode 3.2";
			developmentRegion = English;
			hasScannedForEncodings = 0;
			knownRegions = (
				en,
				Base,
			);
			mainGroup = 92CA590619A34E6D00D91CC9;
			productRefGroup = 92CA591019A34E6D00D91CC9 /* Products */;
			projectDirPath = "";
			projectRoot = "";
			targets = (
				92CA590E19A34E6D00D91CC9 /* iOSLabWorkTwo */,
				92CA592419A34E6D00D91CC9 /* iOSLabWorkTwoTests */,
			);
		};
/* End PBXProject section */

/* Begin PBXResourcesBuildPhase section */
		92CA590D19A34E6D00D91CC9 /* Resources */ = {
			isa = PBXResourcesBuildPhase;
			buildActionMask = 2147483647;
			files = (
				92CA591E19A34E6D00D91CC9 /* Main.storyboard in Resources */,
				92CA592019A34E6D00D91CC9 /* Images.xcassets in Resources */,
			);
			runOnlyForDeploymentPostprocessing = 0;
		};
		92CA592319A34E6D00D91CC9 /* Resources */ = {
			isa = PBXResourcesBuildPhase;
			buildActionMask = 2147483647;
			files = (
			);
			runOnlyForDeploymentPostprocessing = 0;
		};
/* End PBXResourcesBuildPhase section */

/* Begin PBXSourcesBuildPhase section */
		92CA590B19A34E6D00D91CC9 /* Sources */ = {
			isa = PBXSourcesBuildPhase;
			buildActionMask = 2147483647;
			files = (
				92CA591B19A34E6D00D91CC9 /* ViewController.m in Sources */,
				92CA591819A34E6D00D91CC9 /* AppDelegate.m in Sources */,
				92CA591519A34E6D00D91CC9 /* main.m in Sources */,
			);
			runOnlyForDeploymentPostprocessing = 0;
		};
		92CA592119A34E6D00D91CC9 /* Sources */ = {
			isa = PBXSourcesBuildPhase;
			buildActionMask = 2147483647;
			files = (
				92CA592C19A34E6D00D91CC9 /* iOSLabWorkTwoTests.m in Sources */,
			);
			runOnlyForDeploymentPostprocessing = 0;
		};
/* End PBXSourcesBuildPhase section */

/* Begin PBXTargetDependency section */
		92CA592719A34E6D00D91CC9 /* PBXTargetDependency */ = {
			isa = PBXTargetDependency;
			target = 92CA590E19A34E6D00D91CC9 /* iOSLabWorkTwo */;
			targetProxy = 92CA592619A34E6D00D91CC9 /* PBXContainerItemProxy */;
		};
/* End PBXTargetDependency section */

/* Begin PBXVariantGroup section */
		92CA591C19A34E6D00D91CC9 /* Main.storyboard */ = {
			isa = PBXVariantGroup;
			children = (
				92CA591D19A34E6D00D91CC9 /* Base */,
			);
			name = Main.storyboard;
			sourceTree = "<group>";
		};
/* End PBXVariantGroup section */

/* Begin XCBuildConfiguration section */
		92CA592D19A34E6D00D91CC9 /* Debug */ = {
			isa = XCBuildConfiguration;
			buildSettings = {
				ALWAYS_SEARCH_USER_PATHS = NO;
				CLANG_CXX_LANGUAGE_STANDARD = "gnu++0x";
				CLANG_CXX_LIBRARY = "libc++";
				CLANG_ENABLE_MODULES = YES;
				CLANG_ENABLE_OBJC_ARC = YES;
				CLANG_WARN_BOOL_CONVERSION = YES;
				CLANG_WARN_CONSTANT_CONVERSION = YES;
				CLANG_WARN_DIRECT_OBJC_ISA_USAGE = YES_ERROR;
				CLANG_WARN_EMPTY_BODY = YES;
				CLANG_WARN_ENUM_CONVERSION = YES;
				CLANG_WARN_INT_CONVERSION = YES;
				CLANG_WARN_OBJC_ROOT_CLASS = YES_ERROR;
				CLANG_WARN_UNREACHABLE_CODE = YES;
				CLANG_WARN__DUPLICATE_METHOD_MATCH = YES;
				"CODE_SIGN_IDENTITY[sdk=iphoneos*]" = "iPhone Developer";
				COPY_PHASE_STRIP = NO;
				ENABLE_STRICT_OBJC_MSGSEND = YES;
				GCC_C_LANGUAGE_STANDARD = gnu99;
				GCC_DYNAMIC_NO_PIC = NO;
				GCC_OPTIMIZATION_LEVEL = 0;
				GCC_PREPROCESSOR_DEFINITIONS = (
					"DEBUG=1",
					"$(inherited)",
				);
				GCC_SYMBOLS_PRIVATE_EXTERN = NO;
				GCC_WARN_64_TO_32_BIT_CONVERSION = YES;
				GCC_WARN_ABOUT_RETURN_TYPE = YES_ERROR;
				GCC_WARN_UNDECLARED_SELECTOR = YES;
				GCC_WARN_UNINITIALIZED_AUTOS = YES_AGGRESSIVE;
				GCC_WARN_UNUSED_FUNCTION = YES;
				GCC_WARN_UNUSED_VARIABLE = YES;
				IPHONEOS_DEPLOYMENT_TARGET = 8.0;
				METAL_ENABLE_DEBUG_INFO = YES;
				ONLY_ACTIVE_ARCH = YES;
				SDKROOT = iphoneos;
			};
			name = Debug;
		};
		92CA592E19A34E6D00D91CC9 /* Release */ = {
			isa = XCBuildConfiguration;
			buildSettings = {
				ALWAYS_SEARCH_USER_PATHS = NO;
				CLANG_CXX_LANGUAGE_STANDARD = "gnu++0x";
				CLANG_CXX_LIBRARY = "libc++";
				CLANG_ENABLE_MODULES = YES;
				CLANG_ENABLE_OBJC_ARC = YES;
				CLANG_WARN_BOOL_CONVERSION = YES;
				CLANG_WARN_CONSTANT_CONVERSION = YES;
				CLANG_WARN_DIRECT_OBJC_ISA_USAGE = YES_ERROR;
				CLANG_WARN_EMPTY_BODY = YES;
				CLANG_WARN_ENUM_CONVERSION = YES;
				CLANG_WARN_INT_CONVERSION = YES;
				CLANG_WARN_OBJC_ROOT_CLASS = YES_ERROR;
				CLANG_WARN_UNREACHABLE_CODE = YES;
				CLANG_WARN__DUPLICATE_METHOD_MATCH = YES;
				"CODE_SIGN_IDENTITY[sdk=iphoneos*]" = "iPhone Developer";
				COPY_PHASE_STRIP = YES;
				ENABLE_NS_ASSERTIONS = NO;
				ENABLE_STRICT_OBJC_MSGSEND = YES;
				GCC_C_LANGUAGE_STANDARD = gnu99;
				GCC_WARN_64_TO_32_BIT_CONVERSION = YES;
				GCC_WARN_ABOUT_RETURN_TYPE = YES_ERROR;
				GCC_WARN_UNDECLARED_SELECTOR = YES;
				GCC_WARN_UNINITIALIZED_AUTOS = YES_AGGRESSIVE;
				GCC_WARN_UNUSED_FUNCTION = YES;
				GCC_WARN_UNUSED_VARIABLE = YES;
				IPHONEOS_DEPLOYMENT_TARGET = 8.0;
				METAL_ENABLE_DEBUG_INFO = NO;
				SDKROOT = iphoneos;
				VALIDATE_PRODUCT = YES;
			};
			name = Release;
		};
		92CA593019A34E6D00D91CC9 /* Debug */ = {
			isa = XCBuildConfiguration;
			buildSettings = {
				ASSETCATALOG_COMPILER_APPICON_NAME = AppIcon;
				ASSETCATALOG_COMPILER_LAUNCHIMAGE_NAME = LaunchImage;
				INFOPLIST_FILE = iOSLabWorkTwo/Info.plist;
				LD_RUNPATH_SEARCH_PATHS = "$(inherited) @executable_path/Frameworks";
				PRODUCT_NAME = "$(TARGET_NAME)";
			};
			name = Debug;
		};
		92CA593119A34E6D00D91CC9 /* Release */ = {
			isa = XCBuildConfiguration;
			buildSettings = {
				ASSETCATALOG_COMPILER_APPICON_NAME = AppIcon;
				ASSETCATALOG_COMPILER_LAUNCHIMAGE_NAME = LaunchImage;
				INFOPLIST_FILE = iOSLabWorkTwo/Info.plist;
				LD_RUNPATH_SEARCH_PATHS = "$(inherited) @executable_path/Frameworks";
				PRODUCT_NAME = "$(TARGET_NAME)";
			};
			name = Release;
		};
		92CA593319A34E6D00D91CC9 /* Debug */ = {
			isa = XCBuildConfiguration;
			buildSettings = {
				BUNDLE_LOADER = "$(BUILT_PRODUCTS_DIR)/iOSLabWorkTwo.app/iOSLabWorkTwo";
				FRAMEWORK_SEARCH_PATHS = (
					"$(SDKROOT)/Developer/Library/Frameworks",
					"$(inherited)",
				);
				GCC_PREPROCESSOR_DEFINITIONS = (
					"DEBUG=1",
					"$(inherited)",
				);
				INFOPLIST_FILE = iOSLabWorkTwoTests/Info.plist;
				LD_RUNPATH_SEARCH_PATHS = "$(inherited) @executable_path/Frameworks @loader_path/Frameworks";
				METAL_ENABLE_DEBUG_INFO = YES;
				PRODUCT_NAME = "$(TARGET_NAME)";
				TEST_HOST = "$(BUNDLE_LOADER)";
			};
			name = Debug;
		};
		92CA593419A34E6D00D91CC9 /* Release */ = {
			isa = XCBuildConfiguration;
			buildSettings = {
				BUNDLE_LOADER = "$(BUILT_PRODUCTS_DIR)/iOSLabWorkTwo.app/iOSLabWorkTwo";
				FRAMEWORK_SEARCH_PATHS = (
					"$(SDKROOT)/Developer/Library/Frameworks",
					"$(inherited)",
				);
				INFOPLIST_FILE = iOSLabWorkTwoTests/Info.plist;
				LD_RUNPATH_SEARCH_PATHS = "$(inherited) @executable_path/Frameworks @loader_path/Frameworks";
				METAL_ENABLE_DEBUG_INFO = NO;
				PRODUCT_NAME = "$(TARGET_NAME)";
				TEST_HOST = "$(BUNDLE_LOADER)";
			};
			name = Release;
		};
/* End XCBuildConfiguration section */

/* Begin XCConfigurationList section */
		92CA590A19A34E6D00D91CC9 /* Build configuration list for PBXProject "iOSLabWorkTwo" */ = {
			isa = XCConfigurationList;
			buildConfigurations = (
				92CA592D19A34E6D00D91CC9 /* Debug */,
				92CA592E19A34E6D00D91CC9 /* Release */,
			);
			defaultConfigurationIsVisible = 0;
			defaultConfigurationName = Release;
		};
		92CA592F19A34E6D00D91CC9 /* Build configuration list for PBXNativeTarget "iOSLabWorkTwo" */ = {
			isa = XCConfigurationList;
			buildConfigurations = (
				92CA593019A34E6D00D91CC9 /* Debug */,
				92CA593119A34E6D00D91CC9 /* Release */,
			);
			defaultConfigurationIsVisible = 0;
		};
		92CA593219A34E6D00D91CC9 /* Build configuration list for PBXNativeTarget "iOSLabWorkTwoTests" */ = {
			isa = XCConfigurationList;
			buildConfigurations = (
				92CA593319A34E6D00D91CC9 /* Debug */,
				92CA593419A34E6D00D91CC9 /* Release */,
			);
			defaultConfigurationIsVisible = 0;
		};
/* End XCConfigurationList section */
	};
	rootObject = 92CA590719A34E6D00D91CC9 /* Project object */;
}
